
Microsoft Visual Studio Solution File, Format Version 12.00
# Visual Studio 15
VisualStudioVersion = 15.0.28010.2036
MinimumVisualStudioVersion = 10.0.40219.1
Project("{FAE04EC0-301F-11D3-BF4B-00C04F79EFBC}") = "GrandCircusLab3", "GrandCircusLab3\GrandCircusLab3.csproj", "{06577B54-5D06-4D10-8A2D-6D9116E51140}"
EndProject
Global
	GlobalSection(SolutionConfigurationPlatforms) = preSolution
		Debug|Any CPU = Debug|Any CPU
		Release|Any CPU = Release|Any CPU
	EndGlobalSection
	GlobalSection(ProjectConfigurationPlatforms) = postSolution
		{06577B54-5D06-4D10-8A2D-6D9116E51140}.Debug|Any CPU.ActiveCfg = Debug|Any CPU
		{06577B54-5D06-4D10-8A2D-6D9116E51140}.Debug|Any CPU.Build.0 = Debug|Any CPU
		{06577B54-5D06-4D10-8A2D-6D9116E51140}.Release|Any CPU.ActiveCfg = Release|Any CPU
		{06577B54-5D06-4D10-8A2D-6D9116E51140}.Release|Any CPU.Build.0 = Release|Any CPU
	EndGlobalSection
	GlobalSection(SolutionProperties) = preSolution
		HideSolutionNode = FALSE
	EndGlobalSection
	GlobalSection(ExtensibilityGlobals) = postSolution
		SolutionGuid = {77783EFD-E3BF-48E5-9CF4-F93398ABEA11}
	EndGlobalSection
EndGlobal
